
Microsoft Visual Studio Solution File, Format Version 12.00
# Visual Studio 2015
Project("{FAE04EC0-301F-11D3-BF4B-00C04F79EFBC}") = "360vr.CSharp", "360vr.CSharp.csproj", "{EFEDD204-3E4C-7282-9FAF-DAB1995E4FC3}"
EndProject
Project("{FAE04EC0-301F-11D3-BF4B-00C04F79EFBC}") = "360vr.CSharp.Editor", "360vr.CSharp.Editor.csproj", "{2F8925EA-2DF9-C2FE-9B98-3807EFB0F7D2}"
EndProject
Global
	GlobalSection(SolutionConfigurationPlatforms) = preSolution
		Debug|Any CPU = Debug|Any CPU
		Release|Any CPU = Release|Any CPU
	EndGlobalSection
	GlobalSection(ProjectConfigurationPlatforms) = postSolution
		{EFEDD204-3E4C-7282-9FAF-DAB1995E4FC3}.Debug|Any CPU.ActiveCfg = Debug|Any CPU
		{EFEDD204-3E4C-7282-9FAF-DAB1995E4FC3}.Debug|Any CPU.Build.0 = Debug|Any CPU
		{EFEDD204-3E4C-7282-9FAF-DAB1995E4FC3}.Release|Any CPU.ActiveCfg = Release|Any CPU
		{EFEDD204-3E4C-7282-9FAF-DAB1995E4FC3}.Release|Any CPU.Build.0 = Release|Any CPU
		{2F8925EA-2DF9-C2FE-9B98-3807EFB0F7D2}.Debug|Any CPU.ActiveCfg = Debug|Any CPU
		{2F8925EA-2DF9-C2FE-9B98-3807EFB0F7D2}.Debug|Any CPU.Build.0 = Debug|Any CPU
		{2F8925EA-2DF9-C2FE-9B98-3807EFB0F7D2}.Release|Any CPU.ActiveCfg = Release|Any CPU
		{2F8925EA-2DF9-C2FE-9B98-3807EFB0F7D2}.Release|Any CPU.Build.0 = Release|Any CPU
	EndGlobalSection
	GlobalSection(SolutionProperties) = preSolution
		HideSolutionNode = FALSE
	EndGlobalSection
EndGlobal
